
Microsoft Visual Studio Solution File, Format Version 12.00
# Visual Studio Version 16
VisualStudioVersion = 16.0.30204.135
MinimumVisualStudioVersion = 10.0.40219.1
Project("{FAE04EC0-301F-11D3-BF4B-00C04F79EFBC}") = "AIML Chat Bot using M32", "AIML Chat Bot using M32\AIML Chat Bot using M32.csproj", "{D8FD6311-DCC7-460F-8EF0-AE3AAE34CDB4}"
EndProject
Global
	GlobalSection(SolutionConfigurationPlatforms) = preSolution
		Debug|Any CPU = Debug|Any CPU
		Release|Any CPU = Release|Any CPU
	EndGlobalSection
	GlobalSection(ProjectConfigurationPlatforms) = postSolution
		{D8FD6311-DCC7-460F-8EF0-AE3AAE34CDB4}.Debug|Any CPU.ActiveCfg = Debug|Any CPU
		{D8FD6311-DCC7-460F-8EF0-AE3AAE34CDB4}.Debug|Any CPU.Build.0 = Debug|Any CPU
		{D8FD6311-DCC7-460F-8EF0-AE3AAE34CDB4}.Release|Any CPU.ActiveCfg = Release|Any CPU
		{D8FD6311-DCC7-460F-8EF0-AE3AAE34CDB4}.Release|Any CPU.Build.0 = Release|Any CPU
	EndGlobalSection
	GlobalSection(SolutionProperties) = preSolution
		HideSolutionNode = FALSE
	EndGlobalSection
	GlobalSection(ExtensibilityGlobals) = postSolution
		SolutionGuid = {57EF7818-9972-45C9-897F-7FF6F8A117D9}
	EndGlobalSection
EndGlobal
